
Microsoft Visual Studio Solution File, Format Version 12.00
# Visual Studio Version 16
VisualStudioVersion = 16.6.30114.105
MinimumVisualStudioVersion = 10.0.40219.1
Project("{FAE04EC0-301F-11D3-BF4B-00C04F79EFBC}") = "Accounts", "..\Accounts\Accounts\Accounts.csproj", "{9E09999E-F563-4635-88B4-31B3C8AB9148}"
EndProject
Project("{FAE04EC0-301F-11D3-BF4B-00C04F79EFBC}") = "Authentication", "..\Accounts\Authentication\Authentication.csproj", "{C7E8FFD8-65A8-45A3-B5E0-34BE5687B278}"
EndProject
Project("{FAE04EC0-301F-11D3-BF4B-00C04F79EFBC}") = "Authentication.ResourceManager", "..\Accounts\Authentication.ResourceManager\Authentication.ResourceManager.csproj", "{DDD3A2A2-C7F8-414B-8B2D-CDCDBC47EDA3}"
EndProject
Project("{FAE04EC0-301F-11D3-BF4B-00C04F79EFBC}") = "AuthenticationAssemblyLoadContext", "..\Accounts\AuthenticationAssemblyLoadContext\AuthenticationAssemblyLoadContext.csproj", "{1C26C129-BC07-4F15-B9E0-BBE25D6F30B2}"
EndProject
Project("{FAE04EC0-301F-11D3-BF4B-00C04F79EFBC}") = "Authenticators", "..\Accounts\Authenticators\Authenticators.csproj", "{0AAA6EF5-CC09-432C-8C10-77C8C52448B9}"
EndProject
Project("{FAE04EC0-301F-11D3-BF4B-00C04F79EFBC}") = "Az.ConnectedMachine", "Az.ConnectedMachine.csproj", "{685E4DB7-447E-4541-9658-0497B6DEE38C}"
EndProject
Global
	GlobalSection(SolutionConfigurationPlatforms) = preSolution
		Debug|Any CPU = Debug|Any CPU
		Debug|x64 = Debug|x64
		Debug|x86 = Debug|x86
		Release|Any CPU = Release|Any CPU
		Release|x64 = Release|x64
		Release|x86 = Release|x86
	EndGlobalSection
	GlobalSection(SolutionProperties) = preSolution
		HideSolutionNode = FALSE
	EndGlobalSection
	GlobalSection(ProjectConfigurationPlatforms) = postSolution
		{9E09999E-F563-4635-88B4-31B3C8AB9148}.Debug|Any CPU.ActiveCfg = Debug|Any CPU
		{9E09999E-F563-4635-88B4-31B3C8AB9148}.Debug|Any CPU.Build.0 = Debug|Any CPU
		{9E09999E-F563-4635-88B4-31B3C8AB9148}.Debug|x64.ActiveCfg = Debug|Any CPU
		{9E09999E-F563-4635-88B4-31B3C8AB9148}.Debug|x64.Build.0 = Debug|Any CPU
		{9E09999E-F563-4635-88B4-31B3C8AB9148}.Debug|x86.ActiveCfg = Debug|Any CPU
		{9E09999E-F563-4635-88B4-31B3C8AB9148}.Debug|x86.Build.0 = Debug|Any CPU
		{9E09999E-F563-4635-88B4-31B3C8AB9148}.Release|Any CPU.ActiveCfg = Release|Any CPU
		{9E09999E-F563-4635-88B4-31B3C8AB9148}.Release|Any CPU.Build.0 = Release|Any CPU
		{9E09999E-F563-4635-88B4-31B3C8AB9148}.Release|x64.ActiveCfg = Release|Any CPU
		{9E09999E-F563-4635-88B4-31B3C8AB9148}.Release|x64.Build.0 = Release|Any CPU
		{9E09999E-F563-4635-88B4-31B3C8AB9148}.Release|x86.ActiveCfg = Release|Any CPU
		{9E09999E-F563-4635-88B4-31B3C8AB9148}.Release|x86.Build.0 = Release|Any CPU
		{C7E8FFD8-65A8-45A3-B5E0-34BE5687B278}.Debug|Any CPU.ActiveCfg = Debug|Any CPU
		{C7E8FFD8-65A8-45A3-B5E0-34BE5687B278}.Debug|Any CPU.Build.0 = Debug|Any CPU
		{C7E8FFD8-65A8-45A3-B5E0-34BE5687B278}.Debug|x64.ActiveCfg = Debug|Any CPU
		{C7E8FFD8-65A8-45A3-B5E0-34BE5687B278}.Debug|x64.Build.0 = Debug|Any CPU
		{C7E8FFD8-65A8-45A3-B5E0-34BE5687B278}.Debug|x86.ActiveCfg = Debug|Any CPU
		{C7E8FFD8-65A8-45A3-B5E0-34BE5687B278}.Debug|x86.Build.0 = Debug|Any CPU
		{C7E8FFD8-65A8-45A3-B5E0-34BE5687B278}.Release|Any CPU.ActiveCfg = Release|Any CPU
		{C7E8FFD8-65A8-45A3-B5E0-34BE5687B278}.Release|Any CPU.Build.0 = Release|Any CPU
		{C7E8FFD8-65A8-45A3-B5E0-34BE5687B278}.Release|x64.ActiveCfg = Release|Any CPU
		{C7E8FFD8-65A8-45A3-B5E0-34BE5687B278}.Release|x64.Build.0 = Release|Any CPU
		{C7E8FFD8-65A8-45A3-B5E0-34BE5687B278}.Release|x86.ActiveCfg = Release|Any CPU
		{C7E8FFD8-65A8-45A3-B5E0-34BE5687B278}.Release|x86.Build.0 = Release|Any CPU
		{DDD3A2A2-C7F8-414B-8B2D-CDCDBC47EDA3}.Debug|Any CPU.ActiveCfg = Debug|Any CPU
		{DDD3A2A2-C7F8-414B-8B2D-CDCDBC47EDA3}.Debug|Any CPU.Build.0 = Debug|Any CPU
		{DDD3A2A2-C7F8-414B-8B2D-CDCDBC47EDA3}.Debug|x64.ActiveCfg = Debug|Any CPU
		{DDD3A2A2-C7F8-414B-8B2D-CDCDBC47EDA3}.Debug|x64.Build.0 = Debug|Any CPU
		{DDD3A2A2-C7F8-414B-8B2D-CDCDBC47EDA3}.Debug|x86.ActiveCfg = Debug|Any CPU
		{DDD3A2A2-C7F8-414B-8B2D-CDCDBC47EDA3}.Debug|x86.Build.0 = Debug|Any CPU
		{DDD3A2A2-C7F8-414B-8B2D-CDCDBC47EDA3}.Release|Any CPU.ActiveCfg = Release|Any CPU
		{DDD3A2A2-C7F8-414B-8B2D-CDCDBC47EDA3}.Release|Any CPU.Build.0 = Release|Any CPU
		{DDD3A2A2-C7F8-414B-8B2D-CDCDBC47EDA3}.Release|x64.ActiveCfg = Release|Any CPU
		{DDD3A2A2-C7F8-414B-8B2D-CDCDBC47EDA3}.Release|x64.Build.0 = Release|Any CPU
		{DDD3A2A2-C7F8-414B-8B2D-CDCDBC47EDA3}.Release|x86.ActiveCfg = Release|Any CPU
		{DDD3A2A2-C7F8-414B-8B2D-CDCDBC47EDA3}.Release|x86.Build.0 = Release|Any CPU
		{1C26C129-BC07-4F15-B9E0-BBE25D6F30B2}.Debug|Any CPU.ActiveCfg = Debug|Any CPU
		{1C26C129-BC07-4F15-B9E0-BBE25D6F30B2}.Debug|Any CPU.Build.0 = Debug|Any CPU
		{1C26C129-BC07-4F15-B9E0-BBE25D6F30B2}.Debug|x64.ActiveCfg = Debug|Any CPU
		{1C26C129-BC07-4F15-B9E0-BBE25D6F30B2}.Debug|x64.Build.0 = Debug|Any CPU
		{1C26C129-BC07-4F15-B9E0-BBE25D6F30B2}.Debug|x86.ActiveCfg = Debug|Any CPU
		{1C26C129-BC07-4F15-B9E0-BBE25D6F30B2}.Debug|x86.Build.0 = Debug|Any CPU
		{1C26C129-BC07-4F15-B9E0-BBE25D6F30B2}.Release|Any CPU.ActiveCfg = Release|Any CPU
		{1C26C129-BC07-4F15-B9E0-BBE25D6F30B2}.Release|Any CPU.Build.0 = Release|Any CPU
		{1C26C129-BC07-4F15-B9E0-BBE25D6F30B2}.Release|x64.ActiveCfg = Release|Any CPU
		{1C26C129-BC07-4F15-B9E0-BBE25D6F30B2}.Release|x64.Build.0 = Release|Any CPU
		{1C26C129-BC07-4F15-B9E0-BBE25D6F30B2}.Release|x86.ActiveCfg = Release|Any CPU
		{1C26C129-BC07-4F15-B9E0-BBE25D6F30B2}.Release|x86.Build.0 = Release|Any CPU
		{0AAA6EF5-CC09-432C-8C10-77C8C52448B9}.Debug|Any CPU.ActiveCfg = Debug|Any CPU
		{0AAA6EF5-CC09-432C-8C10-77C8C52448B9}.Debug|Any CPU.Build.0 = Debug|Any CPU
		{0AAA6EF5-CC09-432C-8C10-77C8C52448B9}.Debug|x64.ActiveCfg = Debug|Any CPU
		{0AAA6EF5-CC09-432C-8C10-77C8C52448B9}.Debug|x64.Build.0 = Debug|Any CPU
		{0AAA6EF5-CC09-432C-8C10-77C8C52448B9}.Debug|x86.ActiveCfg = Debug|Any CPU
		{0AAA6EF5-CC09-432C-8C10-77C8C52448B9}.Debug|x86.Build.0 = Debug|Any CPU
		{0AAA6EF5-CC09-432C-8C10-77C8C52448B9}.Release|Any CPU.ActiveCfg = Release|Any CPU
		{0AAA6EF5-CC09-432C-8C10-77C8C52448B9}.Release|Any CPU.Build.0 = Release|Any CPU
		{0AAA6EF5-CC09-432C-8C10-77C8C52448B9}.Release|x64.ActiveCfg = Release|Any CPU
		{0AAA6EF5-CC09-432C-8C10-77C8C52448B9}.Release|x64.Build.0 = Release|Any CPU
		{0AAA6EF5-CC09-432C-8C10-77C8C52448B9}.Release|x86.ActiveCfg = Release|Any CPU
		{0AAA6EF5-CC09-432C-8C10-77C8C52448B9}.Release|x86.Build.0 = Release|Any CPU
		{685E4DB7-447E-4541-9658-0497B6DEE38C}.Debug|Any CPU.ActiveCfg = Debug|Any CPU
		{685E4DB7-447E-4541-9658-0497B6DEE38C}.Debug|Any CPU.Build.0 = Debug|Any CPU
		{685E4DB7-447E-4541-9658-0497B6DEE38C}.Debug|x64.ActiveCfg = Debug|Any CPU
		{685E4DB7-447E-4541-9658-0497B6DEE38C}.Debug|x64.Build.0 = Debug|Any CPU
		{685E4DB7-447E-4541-9658-0497B6DEE38C}.Debug|x86.ActiveCfg = Debug|Any CPU
		{685E4DB7-447E-4541-9658-0497B6DEE38C}.Debug|x86.Build.0 = Debug|Any CPU
		{685E4DB7-447E-4541-9658-0497B6DEE38C}.Release|Any CPU.ActiveCfg = Release|Any CPU
		{685E4DB7-447E-4541-9658-0497B6DEE38C}.Release|Any CPU.Build.0 = Release|Any CPU
		{685E4DB7-447E-4541-9658-0497B6DEE38C}.Release|x64.ActiveCfg = Release|Any CPU
		{685E4DB7-447E-4541-9658-0497B6DEE38C}.Release|x64.Build.0 = Release|Any CPU
		{685E4DB7-447E-4541-9658-0497B6DEE38C}.Release|x86.ActiveCfg = Release|Any CPU
		{685E4DB7-447E-4541-9658-0497B6DEE38C}.Release|x86.Build.0 = Release|Any CPU
	EndGlobalSection
EndGlobal
